
Microsoft Visual Studio Solution File, Format Version 12.00
# Visual Studio Version 17
VisualStudioVersion = 17.7.34202.233
MinimumVisualStudioVersion = 10.0.40219.1
Project("{FAE04EC0-301F-11D3-BF4B-00C04F79EFBC}") = "Classes", "Classes\Classes.csproj", "{0CF0BD7C-8624-4681-A3C9-2E0FCB5EEED5}"
EndProject
Project("{FAE04EC0-301F-11D3-BF4B-00C04F79EFBC}") = "RecapDemo1", "RecapDemo1\RecapDemo1.csproj", "{DF79FD40-B895-49D2-A3F7-C31800FC2803}"
EndProject
Project("{FAE04EC0-301F-11D3-BF4B-00C04F79EFBC}") = "Interfaces", "Interfaces\Interfaces.csproj", "{DBE24D96-D6AD-41C0-8753-F400BEC28273}"
EndProject
Project("{FAE04EC0-301F-11D3-BF4B-00C04F79EFBC}") = "InterfacesDemo", "InterfacesDemo\InterfacesDemo.csproj", "{2CE4AD8E-8663-4367-8D74-636ED4C36167}"
EndProject
Global
	GlobalSection(SolutionConfigurationPlatforms) = preSolution
		Debug|Any CPU = Debug|Any CPU
		Release|Any CPU = Release|Any CPU
	EndGlobalSection
	GlobalSection(ProjectConfigurationPlatforms) = postSolution
		{0CF0BD7C-8624-4681-A3C9-2E0FCB5EEED5}.Debug|Any CPU.ActiveCfg = Debug|Any CPU
		{0CF0BD7C-8624-4681-A3C9-2E0FCB5EEED5}.Debug|Any CPU.Build.0 = Debug|Any CPU
		{0CF0BD7C-8624-4681-A3C9-2E0FCB5EEED5}.Release|Any CPU.ActiveCfg = Release|Any CPU
		{0CF0BD7C-8624-4681-A3C9-2E0FCB5EEED5}.Release|Any CPU.Build.0 = Release|Any CPU
		{DF79FD40-B895-49D2-A3F7-C31800FC2803}.Debug|Any CPU.ActiveCfg = Debug|Any CPU
		{DF79FD40-B895-49D2-A3F7-C31800FC2803}.Debug|Any CPU.Build.0 = Debug|Any CPU
		{DF79FD40-B895-49D2-A3F7-C31800FC2803}.Release|Any CPU.ActiveCfg = Release|Any CPU
		{DF79FD40-B895-49D2-A3F7-C31800FC2803}.Release|Any CPU.Build.0 = Release|Any CPU
		{DBE24D96-D6AD-41C0-8753-F400BEC28273}.Debug|Any CPU.ActiveCfg = Debug|Any CPU
		{DBE24D96-D6AD-41C0-8753-F400BEC28273}.Debug|Any CPU.Build.0 = Debug|Any CPU
		{DBE24D96-D6AD-41C0-8753-F400BEC28273}.Release|Any CPU.ActiveCfg = Release|Any CPU
		{DBE24D96-D6AD-41C0-8753-F400BEC28273}.Release|Any CPU.Build.0 = Release|Any CPU
		{2CE4AD8E-8663-4367-8D74-636ED4C36167}.Debug|Any CPU.ActiveCfg = Debug|Any CPU
		{2CE4AD8E-8663-4367-8D74-636ED4C36167}.Debug|Any CPU.Build.0 = Debug|Any CPU
		{2CE4AD8E-8663-4367-8D74-636ED4C36167}.Release|Any CPU.ActiveCfg = Release|Any CPU
		{2CE4AD8E-8663-4367-8D74-636ED4C36167}.Release|Any CPU.Build.0 = Release|Any CPU
	EndGlobalSection
	GlobalSection(SolutionProperties) = preSolution
		HideSolutionNode = FALSE
	EndGlobalSection
	GlobalSection(ExtensibilityGlobals) = postSolution
		SolutionGuid = {83A1BB3D-7678-47B4-89CD-6707DD3A1052}
	EndGlobalSection
EndGlobal
