
Microsoft Visual Studio Solution File, Format Version 12.00
# Visual Studio Version 17
VisualStudioVersion = 17.7.34202.233
MinimumVisualStudioVersion = 10.0.40219.1
Project("{9A19103F-16F7-4668-BE54-9A1E7A4F7556}") = "AsalSayıBulma-23.10.23", "AsalSayıBulma-23.10.23\AsalSayıBulma-23.10.23.csproj", "{2A66A30D-E70A-49E6-9F5F-79FE3E1C2910}"
EndProject
Project("{9A19103F-16F7-4668-BE54-9A1E7A4F7556}") = "SayısalLoto_25.10.23", "SayısalLoto_25.10.23\SayısalLoto_25.10.23.csproj", "{B2159D89-6ACF-483D-8BF9-ADED830613E8}"
EndProject
Project("{FAE04EC0-301F-11D3-BF4B-00C04F79EFBC}") = "Exam_27.10.23", "Exam_27.10.23\Exam_27.10.23.csproj", "{1350238C-EB63-4230-A61D-BC7B33A676A3}"
EndProject
Project("{FAE04EC0-301F-11D3-BF4B-00C04F79EFBC}") = "Classes_08.11.23", "Classes_08.11.23\Classes_08.11.23.csproj", "{45977F20-F635-4579-9894-9F3E4DBCFF02}"
EndProject
Global
	GlobalSection(SolutionConfigurationPlatforms) = preSolution
		Debug|Any CPU = Debug|Any CPU
		Release|Any CPU = Release|Any CPU
	EndGlobalSection
	GlobalSection(ProjectConfigurationPlatforms) = postSolution
		{2A66A30D-E70A-49E6-9F5F-79FE3E1C2910}.Debug|Any CPU.ActiveCfg = Debug|Any CPU
		{2A66A30D-E70A-49E6-9F5F-79FE3E1C2910}.Debug|Any CPU.Build.0 = Debug|Any CPU
		{2A66A30D-E70A-49E6-9F5F-79FE3E1C2910}.Release|Any CPU.ActiveCfg = Release|Any CPU
		{2A66A30D-E70A-49E6-9F5F-79FE3E1C2910}.Release|Any CPU.Build.0 = Release|Any CPU
		{B2159D89-6ACF-483D-8BF9-ADED830613E8}.Debug|Any CPU.ActiveCfg = Debug|Any CPU
		{B2159D89-6ACF-483D-8BF9-ADED830613E8}.Debug|Any CPU.Build.0 = Debug|Any CPU
		{B2159D89-6ACF-483D-8BF9-ADED830613E8}.Release|Any CPU.ActiveCfg = Release|Any CPU
		{B2159D89-6ACF-483D-8BF9-ADED830613E8}.Release|Any CPU.Build.0 = Release|Any CPU
		{1350238C-EB63-4230-A61D-BC7B33A676A3}.Debug|Any CPU.ActiveCfg = Debug|Any CPU
		{1350238C-EB63-4230-A61D-BC7B33A676A3}.Debug|Any CPU.Build.0 = Debug|Any CPU
		{1350238C-EB63-4230-A61D-BC7B33A676A3}.Release|Any CPU.ActiveCfg = Release|Any CPU
		{1350238C-EB63-4230-A61D-BC7B33A676A3}.Release|Any CPU.Build.0 = Release|Any CPU
		{45977F20-F635-4579-9894-9F3E4DBCFF02}.Debug|Any CPU.ActiveCfg = Debug|Any CPU
		{45977F20-F635-4579-9894-9F3E4DBCFF02}.Debug|Any CPU.Build.0 = Debug|Any CPU
		{45977F20-F635-4579-9894-9F3E4DBCFF02}.Release|Any CPU.ActiveCfg = Release|Any CPU
		{45977F20-F635-4579-9894-9F3E4DBCFF02}.Release|Any CPU.Build.0 = Release|Any CPU
	EndGlobalSection
	GlobalSection(SolutionProperties) = preSolution
		HideSolutionNode = FALSE
	EndGlobalSection
	GlobalSection(ExtensibilityGlobals) = postSolution
		SolutionGuid = {447E4E96-1237-47F8-AA42-3C7318B8B736}
	EndGlobalSection
EndGlobal
