
Microsoft Visual Studio Solution File, Format Version 12.00
# Visual Studio Version 17
VisualStudioVersion = 17.7.34202.233
MinimumVisualStudioVersion = 10.0.40219.1
Project("{9A19103F-16F7-4668-BE54-9A1E7A4F7556}") = "OOP1", "OOP1\OOP1.csproj", "{D465455F-3D6D-4BE8-BE3E-7F1A01143E61}"
EndProject
Project("{9A19103F-16F7-4668-BE54-9A1E7A4F7556}") = "Methods", "Methods\Methods.csproj", "{93804C8E-EEA0-41DB-BE45-0A0395F48AD3}"
EndProject
Project("{9A19103F-16F7-4668-BE54-9A1E7A4F7556}") = "Mathematics", "Mathematics\Mathematics.csproj", "{52A4BEFA-301C-4DD7-BAC8-C559D58B2A40}"
EndProject
Project("{9A19103F-16F7-4668-BE54-9A1E7A4F7556}") = "ValueAndReferenceTypes", "ValueAndReferenceTypes\ValueAndReferenceTypes.csproj", "{0EAE2D9C-7576-4F55-A092-C3C85385D109}"
EndProject
Project("{9A19103F-16F7-4668-BE54-9A1E7A4F7556}") = "Collections", "Collections\Collections.csproj", "{0F9AC869-4A3D-45F7-85A0-B82FA111ED83}"
EndProject
Project("{9A19103F-16F7-4668-BE54-9A1E7A4F7556}") = "GenericsIntro", "GenericsIntro\GenericsIntro.csproj", "{CAA1FFC9-64EB-4083-97EB-6EDEFFF6FDF8}"
EndProject
Project("{9A19103F-16F7-4668-BE54-9A1E7A4F7556}") = "OOP2", "OOP2\OOP2.csproj", "{2EEDF38D-C1DC-479E-BE5B-2BA529720AEE}"
EndProject
Project("{9A19103F-16F7-4668-BE54-9A1E7A4F7556}") = "OOP3", "OOP3\OOP3.csproj", "{F751A9AF-6126-4395-BABD-0D3582CC6155}"
EndProject
Project("{FAE04EC0-301F-11D3-BF4B-00C04F79EFBC}") = "LinqProject", "LinqProject\LinqProject.csproj", "{72974A67-5BF7-4D37-8F2D-4DEC5662793E}"
EndProject
Global
	GlobalSection(SolutionConfigurationPlatforms) = preSolution
		Debug|Any CPU = Debug|Any CPU
		Release|Any CPU = Release|Any CPU
	EndGlobalSection
	GlobalSection(ProjectConfigurationPlatforms) = postSolution
		{D465455F-3D6D-4BE8-BE3E-7F1A01143E61}.Debug|Any CPU.ActiveCfg = Debug|Any CPU
		{D465455F-3D6D-4BE8-BE3E-7F1A01143E61}.Debug|Any CPU.Build.0 = Debug|Any CPU
		{D465455F-3D6D-4BE8-BE3E-7F1A01143E61}.Release|Any CPU.ActiveCfg = Release|Any CPU
		{D465455F-3D6D-4BE8-BE3E-7F1A01143E61}.Release|Any CPU.Build.0 = Release|Any CPU
		{93804C8E-EEA0-41DB-BE45-0A0395F48AD3}.Debug|Any CPU.ActiveCfg = Debug|Any CPU
		{93804C8E-EEA0-41DB-BE45-0A0395F48AD3}.Debug|Any CPU.Build.0 = Debug|Any CPU
		{93804C8E-EEA0-41DB-BE45-0A0395F48AD3}.Release|Any CPU.ActiveCfg = Release|Any CPU
		{93804C8E-EEA0-41DB-BE45-0A0395F48AD3}.Release|Any CPU.Build.0 = Release|Any CPU
		{52A4BEFA-301C-4DD7-BAC8-C559D58B2A40}.Debug|Any CPU.ActiveCfg = Debug|Any CPU
		{52A4BEFA-301C-4DD7-BAC8-C559D58B2A40}.Debug|Any CPU.Build.0 = Debug|Any CPU
		{52A4BEFA-301C-4DD7-BAC8-C559D58B2A40}.Release|Any CPU.ActiveCfg = Release|Any CPU
		{52A4BEFA-301C-4DD7-BAC8-C559D58B2A40}.Release|Any CPU.Build.0 = Release|Any CPU
		{0EAE2D9C-7576-4F55-A092-C3C85385D109}.Debug|Any CPU.ActiveCfg = Debug|Any CPU
		{0EAE2D9C-7576-4F55-A092-C3C85385D109}.Debug|Any CPU.Build.0 = Debug|Any CPU
		{0EAE2D9C-7576-4F55-A092-C3C85385D109}.Release|Any CPU.ActiveCfg = Release|Any CPU
		{0EAE2D9C-7576-4F55-A092-C3C85385D109}.Release|Any CPU.Build.0 = Release|Any CPU
		{0F9AC869-4A3D-45F7-85A0-B82FA111ED83}.Debug|Any CPU.ActiveCfg = Debug|Any CPU
		{0F9AC869-4A3D-45F7-85A0-B82FA111ED83}.Debug|Any CPU.Build.0 = Debug|Any CPU
		{0F9AC869-4A3D-45F7-85A0-B82FA111ED83}.Release|Any CPU.ActiveCfg = Release|Any CPU
		{0F9AC869-4A3D-45F7-85A0-B82FA111ED83}.Release|Any CPU.Build.0 = Release|Any CPU
		{CAA1FFC9-64EB-4083-97EB-6EDEFFF6FDF8}.Debug|Any CPU.ActiveCfg = Debug|Any CPU
		{CAA1FFC9-64EB-4083-97EB-6EDEFFF6FDF8}.Debug|Any CPU.Build.0 = Debug|Any CPU
		{CAA1FFC9-64EB-4083-97EB-6EDEFFF6FDF8}.Release|Any CPU.ActiveCfg = Release|Any CPU
		{CAA1FFC9-64EB-4083-97EB-6EDEFFF6FDF8}.Release|Any CPU.Build.0 = Release|Any CPU
		{2EEDF38D-C1DC-479E-BE5B-2BA529720AEE}.Debug|Any CPU.ActiveCfg = Debug|Any CPU
		{2EEDF38D-C1DC-479E-BE5B-2BA529720AEE}.Debug|Any CPU.Build.0 = Debug|Any CPU
		{2EEDF38D-C1DC-479E-BE5B-2BA529720AEE}.Release|Any CPU.ActiveCfg = Release|Any CPU
		{2EEDF38D-C1DC-479E-BE5B-2BA529720AEE}.Release|Any CPU.Build.0 = Release|Any CPU
		{F751A9AF-6126-4395-BABD-0D3582CC6155}.Debug|Any CPU.ActiveCfg = Debug|Any CPU
		{F751A9AF-6126-4395-BABD-0D3582CC6155}.Debug|Any CPU.Build.0 = Debug|Any CPU
		{F751A9AF-6126-4395-BABD-0D3582CC6155}.Release|Any CPU.ActiveCfg = Release|Any CPU
		{F751A9AF-6126-4395-BABD-0D3582CC6155}.Release|Any CPU.Build.0 = Release|Any CPU
		{72974A67-5BF7-4D37-8F2D-4DEC5662793E}.Debug|Any CPU.ActiveCfg = Debug|Any CPU
		{72974A67-5BF7-4D37-8F2D-4DEC5662793E}.Debug|Any CPU.Build.0 = Debug|Any CPU
		{72974A67-5BF7-4D37-8F2D-4DEC5662793E}.Release|Any CPU.ActiveCfg = Release|Any CPU
		{72974A67-5BF7-4D37-8F2D-4DEC5662793E}.Release|Any CPU.Build.0 = Release|Any CPU
	EndGlobalSection
	GlobalSection(SolutionProperties) = preSolution
		HideSolutionNode = FALSE
	EndGlobalSection
	GlobalSection(ExtensibilityGlobals) = postSolution
		SolutionGuid = {D9F7EB30-6172-496B-B0E9-FBC27DF79125}
	EndGlobalSection
EndGlobal
